
Microsoft Visual Studio Solution File, Format Version 12.00
# Visual Studio Version 17
VisualStudioVersion = 17.9.34607.119
MinimumVisualStudioVersion = 10.0.40219.1
Project("{FAE04EC0-301F-11D3-BF4B-00C04F79EFBC}") = "KamoStudyGroup", "KamoStudyGroup\KamoStudyGroup.csproj", "{1B61969B-421F-4490-A647-47DB62112BE2}"
EndProject
Global
	GlobalSection(SolutionConfigurationPlatforms) = preSolution
		Debug|Any CPU = Debug|Any CPU
		Release|Any CPU = Release|Any CPU
	EndGlobalSection
	GlobalSection(ProjectConfigurationPlatforms) = postSolution
		{1B61969B-421F-4490-A647-47DB62112BE2}.Debug|Any CPU.ActiveCfg = Debug|Any CPU
		{1B61969B-421F-4490-A647-47DB62112BE2}.Debug|Any CPU.Build.0 = Debug|Any CPU
		{1B61969B-421F-4490-A647-47DB62112BE2}.Release|Any CPU.ActiveCfg = Release|Any CPU
		{1B61969B-421F-4490-A647-47DB62112BE2}.Release|Any CPU.Build.0 = Release|Any CPU
	EndGlobalSection
	GlobalSection(SolutionProperties) = preSolution
		HideSolutionNode = FALSE
	EndGlobalSection
	GlobalSection(ExtensibilityGlobals) = postSolution
		SolutionGuid = {4AEFD212-30D9-4D4C-9D9D-A78B676190F8}
	EndGlobalSection
EndGlobal
